// !$*UTF8*$!
{
	archiveVersion = 1;
	classes = {
	};
	objectVersion = 56;
	objects = {

/* Begin PBXBuildFile section */
		F306DC522B6B481F00108861 /* AnimationUtility.swift in Sources */ = {isa = PBXBuildFile; fileRef = F306DC512B6B481F00108861 /* AnimationUtility.swift */; };
		F340EB792B8EB4DB00BFD481 /* MangoPage.swift in Sources */ = {isa = PBXBuildFile; fileRef = F340EB782B8EB4DB00BFD481 /* MangoPage.swift */; };
		F340EB7C2B8EB4F500BFD481 /* TritonPage.swift in Sources */ = {isa = PBXBuildFile; fileRef = F340EB7B2B8EB4F500BFD481 /* TritonPage.swift */; };
		F340EB7F2B8EB52100BFD481 /* AufnPage.swift in Sources */ = {isa = PBXBuildFile; fileRef = F340EB7E2B8EB52100BFD481 /* AufnPage.swift */; };
		F340EB822B8EB54300BFD481 /* NikkoPage.swift in Sources */ = {isa = PBXBuildFile; fileRef = F340EB812B8EB54300BFD481 /* NikkoPage.swift */; };
		F340EB852B8EB55C00BFD481 /* ToshiPage.swift in Sources */ = {isa = PBXBuildFile; fileRef = F340EB842B8EB55C00BFD481 /* ToshiPage.swift */; };
		F340EB872B8EB56F00BFD481 /* NightlightPage.swift in Sources */ = {isa = PBXBuildFile; fileRef = F340EB862B8EB56F00BFD481 /* NightlightPage.swift */; };
		F340EB8A2B8EB59C00BFD481 /* TidydeskPage.swift in Sources */ = {isa = PBXBuildFile; fileRef = F340EB892B8EB59C00BFD481 /* TidydeskPage.swift */; };
		F340EB8C2B8FDBBB00BFD481 /* ContentCarouselView.swift in Sources */ = {isa = PBXBuildFile; fileRef = F340EB8B2B8FDBBB00BFD481 /* ContentCarouselView.swift */; };
		F38A73282B6B14F500723197 /* ArcNavvy.swift in Sources */ = {isa = PBXBuildFile; fileRef = F38A73272B6B14F500723197 /* ArcNavvy.swift */; };
		F3D568A92B5B5B810097B079 /* swift_portfolioApp.swift in Sources */ = {isa = PBXBuildFile; fileRef = F3D568A82B5B5B810097B079 /* swift_portfolioApp.swift */; };
		F3D568AB2B5B5B810097B079 /* ContentView.swift in Sources */ = {isa = PBXBuildFile; fileRef = F3D568AA2B5B5B810097B079 /* ContentView.swift */; };
		F3D568AD2B5B5B820097B079 /* Assets.xcassets in Resources */ = {isa = PBXBuildFile; fileRef = F3D568AC2B5B5B820097B079 /* Assets.xcassets */; };
		F3D568B02B5B5B820097B079 /* Preview Assets.xcassets in Resources */ = {isa = PBXBuildFile; fileRef = F3D568AF2B5B5B820097B079 /* Preview Assets.xcassets */; };
/* End PBXBuildFile section */

/* Begin PBXFileReference section */
		F306DC512B6B481F00108861 /* AnimationUtility.swift */ = {isa = PBXFileReference; lastKnownFileType = sourcecode.swift; path = AnimationUtility.swift; sourceTree = "<group>"; };
		F340EB782B8EB4DB00BFD481 /* MangoPage.swift */ = {isa = PBXFileReference; lastKnownFileType = sourcecode.swift; path = MangoPage.swift; sourceTree = "<group>"; };
		F340EB7B2B8EB4F500BFD481 /* TritonPage.swift */ = {isa = PBXFileReference; lastKnownFileType = sourcecode.swift; path = TritonPage.swift; sourceTree = "<group>"; };
		F340EB7E2B8EB52100BFD481 /* AufnPage.swift */ = {isa = PBXFileReference; lastKnownFileType = sourcecode.swift; path = AufnPage.swift; sourceTree = "<group>"; };
		F340EB812B8EB54300BFD481 /* NikkoPage.swift */ = {isa = PBXFileReference; lastKnownFileType = sourcecode.swift; path = NikkoPage.swift; sourceTree = "<group>"; };
		F340EB842B8EB55C00BFD481 /* ToshiPage.swift */ = {isa = PBXFileReference; lastKnownFileType = sourcecode.swift; path = ToshiPage.swift; sourceTree = "<group>"; };
		F340EB862B8EB56F00BFD481 /* NightlightPage.swift */ = {isa = PBXFileReference; lastKnownFileType = sourcecode.swift; path = NightlightPage.swift; sourceTree = "<group>"; };
		F340EB892B8EB59C00BFD481 /* TidydeskPage.swift */ = {isa = PBXFileReference; lastKnownFileType = sourcecode.swift; path = TidydeskPage.swift; sourceTree = "<group>"; };
		F340EB8B2B8FDBBB00BFD481 /* ContentCarouselView.swift */ = {isa = PBXFileReference; lastKnownFileType = sourcecode.swift; path = ContentCarouselView.swift; sourceTree = "<group>"; };
		F38A73272B6B14F500723197 /* ArcNavvy.swift */ = {isa = PBXFileReference; lastKnownFileType = sourcecode.swift; path = ArcNavvy.swift; sourceTree = "<group>"; };
		F3D568A52B5B5B810097B079 /* swift-portfolio.app */ = {isa = PBXFileReference; explicitFileType = wrapper.application; includeInIndex = 0; path = "swift-portfolio.app"; sourceTree = BUILT_PRODUCTS_DIR; };
		F3D568A82B5B5B810097B079 /* swift_portfolioApp.swift */ = {isa = PBXFileReference; lastKnownFileType = sourcecode.swift; path = swift_portfolioApp.swift; sourceTree = "<group>"; };
		F3D568AA2B5B5B810097B079 /* ContentView.swift */ = {isa = PBXFileReference; lastKnownFileType = sourcecode.swift; path = ContentView.swift; sourceTree = "<group>"; };
		F3D568AC2B5B5B820097B079 /* Assets.xcassets */ = {isa = PBXFileReference; lastKnownFileType = folder.assetcatalog; path = Assets.xcassets; sourceTree = "<group>"; };
		F3D568AF2B5B5B820097B079 /* Preview Assets.xcassets */ = {isa = PBXFileReference; lastKnownFileType = folder.assetcatalog; path = "Preview Assets.xcassets"; sourceTree = "<group>"; };
/* End PBXFileReference section */

/* Begin PBXFrameworksBuildPhase section */
		F3D568A22B5B5B810097B079 /* Frameworks */ = {
			isa = PBXFrameworksBuildPhase;
			buildActionMask = 2147483647;
			files = (
			);
			runOnlyForDeploymentPostprocessing = 0;
		};
/* End PBXFrameworksBuildPhase section */

/* Begin PBXGroup section */
		F306DC502B6B481000108861 /* Utilities */ = {
			isa = PBXGroup;
			children = (
				F306DC512B6B481F00108861 /* AnimationUtility.swift */,
			);
			path = Utilities;
			sourceTree = "<group>";
		};
		F306DC532B6B483D00108861 /* Core */ = {
			isa = PBXGroup;
			children = (
				F340EB882B8EB58800BFD481 /* DesktopViews */,
				F340EB7D2B8EB50C00BFD481 /* MobileViews */,
				F340EB772B8EB4B400BFD481 /* WebViews */,
				F3D568AA2B5B5B810097B079 /* ContentView.swift */,
				F38A73272B6B14F500723197 /* ArcNavvy.swift */,
				F340EB8B2B8FDBBB00BFD481 /* ContentCarouselView.swift */,
			);
			path = Core;
			sourceTree = "<group>";
		};
		F340EB772B8EB4B400BFD481 /* WebViews */ = {
			isa = PBXGroup;
			children = (
				F340EB782B8EB4DB00BFD481 /* MangoPage.swift */,
				F340EB7B2B8EB4F500BFD481 /* TritonPage.swift */,
			);
			name = WebViews;
			sourceTree = "<group>";
		};
		F340EB7D2B8EB50C00BFD481 /* MobileViews */ = {
			isa = PBXGroup;
			children = (
				F340EB7E2B8EB52100BFD481 /* AufnPage.swift */,
				F340EB812B8EB54300BFD481 /* NikkoPage.swift */,
				F340EB842B8EB55C00BFD481 /* ToshiPage.swift */,
				F340EB862B8EB56F00BFD481 /* NightlightPage.swift */,
			);
			path = MobileViews;
			sourceTree = "<group>";
		};
		F340EB882B8EB58800BFD481 /* DesktopViews */ = {
			isa = PBXGroup;
			children = (
				F340EB892B8EB59C00BFD481 /* TidydeskPage.swift */,
			);
			path = DesktopViews;
			sourceTree = "<group>";
		};
		F3D5689C2B5B5B810097B079 = {
			isa = PBXGroup;
			children = (
				F3D568A72B5B5B810097B079 /* swift-playground */,
				F3D568A62B5B5B810097B079 /* Products */,
			);
			sourceTree = "<group>";
		};
		F3D568A62B5B5B810097B079 /* Products */ = {
			isa = PBXGroup;
			children = (
				F3D568A52B5B5B810097B079 /* swift-portfolio.app */,
			);
			name = Products;
			sourceTree = "<group>";
		};
		F3D568A72B5B5B810097B079 /* swift-playground */ = {
			isa = PBXGroup;
			children = (
				F3D568A82B5B5B810097B079 /* swift_portfolioApp.swift */,
				F306DC532B6B483D00108861 /* Core */,
				F306DC502B6B481000108861 /* Utilities */,
				F3D568AC2B5B5B820097B079 /* Assets.xcassets */,
				F3D568AE2B5B5B820097B079 /* Preview Content */,
			);
			path = "swift-playground";
			sourceTree = "<group>";
		};
		F3D568AE2B5B5B820097B079 /* Preview Content */ = {
			isa = PBXGroup;
			children = (
				F3D568AF2B5B5B820097B079 /* Preview Assets.xcassets */,
			);
			path = "Preview Content";
			sourceTree = "<group>";
		};
/* End PBXGroup section */

/* Begin PBXNativeTarget section */
		F3D568A42B5B5B810097B079 /* swift-portfolio */ = {
			isa = PBXNativeTarget;
			buildConfigurationList = F3D568B32B5B5B820097B079 /* Build configuration list for PBXNativeTarget "swift-portfolio" */;
			buildPhases = (
				F3D568A12B5B5B810097B079 /* Sources */,
				F3D568A22B5B5B810097B079 /* Frameworks */,
				F3D568A32B5B5B810097B079 /* Resources */,
			);
			buildRules = (
			);
			dependencies = (
			);
			name = "swift-portfolio";
			productName = "swift-playground";
			productReference = F3D568A52B5B5B810097B079 /* swift-portfolio.app */;
			productType = "com.apple.product-type.application";
		};
/* End PBXNativeTarget section */

/* Begin PBXProject section */
		F3D5689D2B5B5B810097B079 /* Project object */ = {
			isa = PBXProject;
			attributes = {
				BuildIndependentTargetsInParallel = 1;
				LastSwiftUpdateCheck = 1500;
				LastUpgradeCheck = 1500;
				TargetAttributes = {
					F3D568A42B5B5B810097B079 = {
						CreatedOnToolsVersion = 15.0;
					};
				};
			};
			buildConfigurationList = F3D568A02B5B5B810097B079 /* Build configuration list for PBXProject "swift-portfolio" */;
			compatibilityVersion = "Xcode 14.0";
			developmentRegion = en;
			hasScannedForEncodings = 0;
			knownRegions = (
				en,
				Base,
			);
			mainGroup = F3D5689C2B5B5B810097B079;
			productRefGroup = F3D568A62B5B5B810097B079 /* Products */;
			projectDirPath = "";
			projectRoot = "";
			targets = (
				F3D568A42B5B5B810097B079 /* swift-portfolio */,
			);
		};
/* End PBXProject section */

/* Begin PBXResourcesBuildPhase section */
		F3D568A32B5B5B810097B079 /* Resources */ = {
			isa = PBXResourcesBuildPhase;
			buildActionMask = 2147483647;
			files = (
				F3D568B02B5B5B820097B079 /* Preview Assets.xcassets in Resources */,
				F3D568AD2B5B5B820097B079 /* Assets.xcassets in Resources */,
			);
			runOnlyForDeploymentPostprocessing = 0;
		};
/* End PBXResourcesBuildPhase section */

/* Begin PBXSourcesBuildPhase section */
		F3D568A12B5B5B810097B079 /* Sources */ = {
			isa = PBXSourcesBuildPhase;
			buildActionMask = 2147483647;
			files = (
				F3D568AB2B5B5B810097B079 /* ContentView.swift in Sources */,
				F340EB792B8EB4DB00BFD481 /* MangoPage.swift in Sources */,
				F306DC522B6B481F00108861 /* AnimationUtility.swift in Sources */,
				F340EB822B8EB54300BFD481 /* NikkoPage.swift in Sources */,
				F340EB872B8EB56F00BFD481 /* NightlightPage.swift in Sources */,
				F3D568A92B5B5B810097B079 /* swift_portfolioApp.swift in Sources */,
				F340EB7F2B8EB52100BFD481 /* AufnPage.swift in Sources */,
				F340EB7C2B8EB4F500BFD481 /* TritonPage.swift in Sources */,
				F340EB8C2B8FDBBB00BFD481 /* ContentCarouselView.swift in Sources */,
				F340EB8A2B8EB59C00BFD481 /* TidydeskPage.swift in Sources */,
				F340EB852B8EB55C00BFD481 /* ToshiPage.swift in Sources */,
				F38A73282B6B14F500723197 /* ArcNavvy.swift in Sources */,
			);
			runOnlyForDeploymentPostprocessing = 0;
		};
/* End PBXSourcesBuildPhase section */

/* Begin XCBuildConfiguration section */
		F3D568B12B5B5B820097B079 /* Debug */ = {
			isa = XCBuildConfiguration;
			buildSettings = {
				ALWAYS_SEARCH_USER_PATHS = NO;
				ASSETCATALOG_COMPILER_GENERATE_SWIFT_ASSET_SYMBOL_EXTENSIONS = YES;
				CLANG_ANALYZER_NONNULL = YES;
				CLANG_ANALYZER_NUMBER_OBJECT_CONVERSION = YES_AGGRESSIVE;
				CLANG_CXX_LANGUAGE_STANDARD = "gnu++20";
				CLANG_ENABLE_MODULES = YES;
				CLANG_ENABLE_OBJC_ARC = YES;
				CLANG_ENABLE_OBJC_WEAK = YES;
				CLANG_WARN_BLOCK_CAPTURE_AUTORELEASING = YES;
				CLANG_WARN_BOOL_CONVERSION = YES;
				CLANG_WARN_COMMA = YES;
				CLANG_WARN_CONSTANT_CONVERSION = YES;
				CLANG_WARN_DEPRECATED_OBJC_IMPLEMENTATIONS = YES;
				CLANG_WARN_DIRECT_OBJC_ISA_USAGE = YES_ERROR;
				CLANG_WARN_DOCUMENTATION_COMMENTS = YES;
				CLANG_WARN_EMPTY_BODY = YES;
				CLANG_WARN_ENUM_CONVERSION = YES;
				CLANG_WARN_INFINITE_RECURSION = YES;
				CLANG_WARN_INT_CONVERSION = YES;
				CLANG_WARN_NON_LITERAL_NULL_CONVERSION = YES;
				CLANG_WARN_OBJC_IMPLICIT_RETAIN_SELF = YES;
				CLANG_WARN_OBJC_LITERAL_CONVERSION = YES;
				CLANG_WARN_OBJC_ROOT_CLASS = YES_ERROR;
				CLANG_WARN_QUOTED_INCLUDE_IN_FRAMEWORK_HEADER = YES;
				CLANG_WARN_RANGE_LOOP_ANALYSIS = YES;
				CLANG_WARN_STRICT_PROTOTYPES = YES;
				CLANG_WARN_SUSPICIOUS_MOVE = YES;
				CLANG_WARN_UNGUARDED_AVAILABILITY = YES_AGGRESSIVE;
				CLANG_WARN_UNREACHABLE_CODE = YES;
				CLANG_WARN__DUPLICATE_METHOD_MATCH = YES;
				COPY_PHASE_STRIP = NO;
				DEBUG_INFORMATION_FORMAT = dwarf;
				ENABLE_STRICT_OBJC_MSGSEND = YES;
				ENABLE_TESTABILITY = YES;
				ENABLE_USER_SCRIPT_SANDBOXING = YES;
				GCC_C_LANGUAGE_STANDARD = gnu17;
				GCC_DYNAMIC_NO_PIC = NO;
				GCC_NO_COMMON_BLOCKS = YES;
				GCC_OPTIMIZATION_LEVEL = 0;
				GCC_PREPROCESSOR_DEFINITIONS = (
					"DEBUG=1",
					"$(inherited)",
				);
				GCC_WARN_64_TO_32_BIT_CONVERSION = YES;
				GCC_WARN_ABOUT_RETURN_TYPE = YES_ERROR;
				GCC_WARN_UNDECLARED_SELECTOR = YES;
				GCC_WARN_UNINITIALIZED_AUTOS = YES_AGGRESSIVE;
				GCC_WARN_UNUSED_FUNCTION = YES;
				GCC_WARN_UNUSED_VARIABLE = YES;
				IPHONEOS_DEPLOYMENT_TARGET = 17.0;
				LOCALIZATION_PREFERS_STRING_CATALOGS = YES;
				MTL_ENABLE_DEBUG_INFO = INCLUDE_SOURCE;
				MTL_FAST_MATH = YES;
				ONLY_ACTIVE_ARCH = YES;
				SDKROOT = iphoneos;
				SWIFT_ACTIVE_COMPILATION_CONDITIONS = "DEBUG $(inherited)";
				SWIFT_OPTIMIZATION_LEVEL = "-Onone";
			};
			name = Debug;
		};
		F3D568B22B5B5B820097B079 /* Release */ = {
			isa = XCBuildConfiguration;
			buildSettings = {
				ALWAYS_SEARCH_USER_PATHS = NO;
				ASSETCATALOG_COMPILER_GENERATE_SWIFT_ASSET_SYMBOL_EXTENSIONS = YES;
				CLANG_ANALYZER_NONNULL = YES;
				CLANG_ANALYZER_NUMBER_OBJECT_CONVERSION = YES_AGGRESSIVE;
				CLANG_CXX_LANGUAGE_STANDARD = "gnu++20";
				CLANG_ENABLE_MODULES = YES;
				CLANG_ENABLE_OBJC_ARC = YES;
				CLANG_ENABLE_OBJC_WEAK = YES;
				CLANG_WARN_BLOCK_CAPTURE_AUTORELEASING = YES;
				CLANG_WARN_BOOL_CONVERSION = YES;
				CLANG_WARN_COMMA = YES;
				CLANG_WARN_CONSTANT_CONVERSION = YES;
				CLANG_WARN_DEPRECATED_OBJC_IMPLEMENTATIONS = YES;
				CLANG_WARN_DIRECT_OBJC_ISA_USAGE = YES_ERROR;
				CLANG_WARN_DOCUMENTATION_COMMENTS = YES;
				CLANG_WARN_EMPTY_BODY = YES;
				CLANG_WARN_ENUM_CONVERSION = YES;
				CLANG_WARN_INFINITE_RECURSION = YES;
				CLANG_WARN_INT_CONVERSION = YES;
				CLANG_WARN_NON_LITERAL_NULL_CONVERSION = YES;
				CLANG_WARN_OBJC_IMPLICIT_RETAIN_SELF = YES;
				CLANG_WARN_OBJC_LITERAL_CONVERSION = YES;
				CLANG_WARN_OBJC_ROOT_CLASS = YES_ERROR;
				CLANG_WARN_QUOTED_INCLUDE_IN_FRAMEWORK_HEADER = YES;
				CLANG_WARN_RANGE_LOOP_ANALYSIS = YES;
				CLANG_WARN_STRICT_PROTOTYPES = YES;
				CLANG_WARN_SUSPICIOUS_MOVE = YES;
				CLANG_WARN_UNGUARDED_AVAILABILITY = YES_AGGRESSIVE;
				CLANG_WARN_UNREACHABLE_CODE = YES;
				CLANG_WARN__DUPLICATE_METHOD_MATCH = YES;
				COPY_PHASE_STRIP = NO;
				DEBUG_INFORMATION_FORMAT = "dwarf-with-dsym";
				ENABLE_NS_ASSERTIONS = NO;
				ENABLE_STRICT_OBJC_MSGSEND = YES;
				ENABLE_USER_SCRIPT_SANDBOXING = YES;
				GCC_C_LANGUAGE_STANDARD = gnu17;
				GCC_NO_COMMON_BLOCKS = YES;
				GCC_WARN_64_TO_32_BIT_CONVERSION = YES;
				GCC_WARN_ABOUT_RETURN_TYPE = YES_ERROR;
				GCC_WARN_UNDECLARED_SELECTOR = YES;
				GCC_WARN_UNINITIALIZED_AUTOS = YES_AGGRESSIVE;
				GCC_WARN_UNUSED_FUNCTION = YES;
				GCC_WARN_UNUSED_VARIABLE = YES;
				IPHONEOS_DEPLOYMENT_TARGET = 17.0;
				LOCALIZATION_PREFERS_STRING_CATALOGS = YES;
				MTL_ENABLE_DEBUG_INFO = NO;
				MTL_FAST_MATH = YES;
				SDKROOT = iphoneos;
				SWIFT_COMPILATION_MODE = wholemodule;
				VALIDATE_PRODUCT = YES;
			};
			name = Release;
		};
		F3D568B42B5B5B820097B079 /* Debug */ = {
			isa = XCBuildConfiguration;
			buildSettings = {
				ASSETCATALOG_COMPILER_APPICON_NAME = AppIcon;
				ASSETCATALOG_COMPILER_GLOBAL_ACCENT_COLOR_NAME = AccentColor;
				CODE_SIGN_STYLE = Automatic;
				CURRENT_PROJECT_VERSION = 1;
				DEVELOPMENT_ASSET_PATHS = "\"swift-playground/Preview Content\"";
				DEVELOPMENT_TEAM = GZ2BM4VMQU;
				ENABLE_PREVIEWS = YES;
				GENERATE_INFOPLIST_FILE = YES;
				INFOPLIST_KEY_UIApplicationSceneManifest_Generation = YES;
				INFOPLIST_KEY_UIApplicationSupportsIndirectInputEvents = YES;
				INFOPLIST_KEY_UILaunchScreen_Generation = YES;
				INFOPLIST_KEY_UISupportedInterfaceOrientations_iPad = "UIInterfaceOrientationPortrait UIInterfaceOrientationPortraitUpsideDown UIInterfaceOrientationLandscapeLeft UIInterfaceOrientationLandscapeRight";
				INFOPLIST_KEY_UISupportedInterfaceOrientations_iPhone = "UIInterfaceOrientationPortrait UIInterfaceOrientationLandscapeLeft UIInterfaceOrientationLandscapeRight";
				LD_RUNPATH_SEARCH_PATHS = (
					"$(inherited)",
					"@executable_path/Frameworks",
				);
				MARKETING_VERSION = 1.0;
				PRODUCT_BUNDLE_IDENTIFIER = "co.lassidesign.swift-playground";
				PRODUCT_NAME = "$(TARGET_NAME)";
				SWIFT_EMIT_LOC_STRINGS = YES;
				SWIFT_VERSION = 5.0;
				TARGETED_DEVICE_FAMILY = "1,2";
			};
			name = Debug;
		};
		F3D568B52B5B5B820097B079 /* Release */ = {
			isa = XCBuildConfiguration;
			buildSettings = {
				ASSETCATALOG_COMPILER_APPICON_NAME = AppIcon;
				ASSETCATALOG_COMPILER_GLOBAL_ACCENT_COLOR_NAME = AccentColor;
				CODE_SIGN_STYLE = Automatic;
				CURRENT_PROJECT_VERSION = 1;
				DEVELOPMENT_ASSET_PATHS = "\"swift-playground/Preview Content\"";
				DEVELOPMENT_TEAM = GZ2BM4VMQU;
				ENABLE_PREVIEWS = YES;
				GENERATE_INFOPLIST_FILE = YES;
				INFOPLIST_KEY_UIApplicationSceneManifest_Generation = YES;
				INFOPLIST_KEY_UIApplicationSupportsIndirectInputEvents = YES;
				INFOPLIST_KEY_UILaunchScreen_Generation = YES;
				INFOPLIST_KEY_UISupportedInterfaceOrientations_iPad = "UIInterfaceOrientationPortrait UIInterfaceOrientationPortraitUpsideDown UIInterfaceOrientationLandscapeLeft UIInterfaceOrientationLandscapeRight";
				INFOPLIST_KEY_UISupportedInterfaceOrientations_iPhone = "UIInterfaceOrientationPortrait UIInterfaceOrientationLandscapeLeft UIInterfaceOrientationLandscapeRight";
				LD_RUNPATH_SEARCH_PATHS = (
					"$(inherited)",
					"@executable_path/Frameworks",
				);
				MARKETING_VERSION = 1.0;
				PRODUCT_BUNDLE_IDENTIFIER = "co.lassidesign.swift-playground";
				PRODUCT_NAME = "$(TARGET_NAME)";
				SWIFT_EMIT_LOC_STRINGS = YES;
				SWIFT_VERSION = 5.0;
				TARGETED_DEVICE_FAMILY = "1,2";
			};
			name = Release;
		};
/* End XCBuildConfiguration section */

/* Begin XCConfigurationList section */
		F3D568A02B5B5B810097B079 /* Build configuration list for PBXProject "swift-portfolio" */ = {
			isa = XCConfigurationList;
			buildConfigurations = (
				F3D568B12B5B5B820097B079 /* Debug */,
				F3D568B22B5B5B820097B079 /* Release */,
			);
			defaultConfigurationIsVisible = 0;
			defaultConfigurationName = Release;
		};
		F3D568B32B5B5B820097B079 /* Build configuration list for PBXNativeTarget "swift-portfolio" */ = {
			isa = XCConfigurationList;
			buildConfigurations = (
				F3D568B42B5B5B820097B079 /* Debug */,
				F3D568B52B5B5B820097B079 /* Release */,
			);
			defaultConfigurationIsVisible = 0;
			defaultConfigurationName = Release;
		};
/* End XCConfigurationList section */
	};
	rootObject = F3D5689D2B5B5B810097B079 /* Project object */;
}
